
Microsoft Visual Studio Solution File, Format Version 12.00
# Visual Studio 15
VisualStudioVersion = 15.0.28307.1705
MinimumVisualStudioVersion = 10.0.40219.1
Project("{FAE04EC0-301F-11D3-BF4B-00C04F79EFBC}") = "prj_ForYou", "prj_ForYou\prj_ForYou.csproj", "{D9C23777-5C40-402D-BAF0-03D0803DCA49}"
EndProject
Project("{54435603-DBB4-11D2-8724-00A0C9A8B90C}") = "Setup", "Setup\Setup.vdproj", "{0043C4AE-21D1-4E06-8DC6-DE87C2F400B5}"
EndProject
Global
	GlobalSection(SolutionConfigurationPlatforms) = preSolution
		Debug|Any CPU = Debug|Any CPU
		Release|Any CPU = Release|Any CPU
	EndGlobalSection
	GlobalSection(ProjectConfigurationPlatforms) = postSolution
		{D9C23777-5C40-402D-BAF0-03D0803DCA49}.Debug|Any CPU.ActiveCfg = Debug|Any CPU
		{D9C23777-5C40-402D-BAF0-03D0803DCA49}.Debug|Any CPU.Build.0 = Debug|Any CPU
		{D9C23777-5C40-402D-BAF0-03D0803DCA49}.Release|Any CPU.ActiveCfg = Release|Any CPU
		{D9C23777-5C40-402D-BAF0-03D0803DCA49}.Release|Any CPU.Build.0 = Release|Any CPU
		{0043C4AE-21D1-4E06-8DC6-DE87C2F400B5}.Debug|Any CPU.ActiveCfg = Debug
		{0043C4AE-21D1-4E06-8DC6-DE87C2F400B5}.Release|Any CPU.ActiveCfg = Release
	EndGlobalSection
	GlobalSection(SolutionProperties) = preSolution
		HideSolutionNode = FALSE
	EndGlobalSection
	GlobalSection(ExtensibilityGlobals) = postSolution
		SolutionGuid = {1C9B8C4A-B0BD-4FD0-904B-3E026AC8E1BD}
	EndGlobalSection
EndGlobal
